// !$*UTF8*$!
{
	archiveVersion = 1;
	classes = {
	};
	objectVersion = 51;
	objects = {

/* Begin PBXBuildFile section */
		18AFC98E277AFC23B3853447 /* Pods_AutoCar.framework in Frameworks */ = {isa = PBXBuildFile; fileRef = 56CCD330B5AF48592743B090 /* Pods_AutoCar.framework */; };
		1968059322C82FA2006296DB /* AppDelegate.swift in Sources */ = {isa = PBXBuildFile; fileRef = 1968059222C82FA2006296DB /* AppDelegate.swift */; };
		1968059522C82FA2006296DB /* CarListingsViewController.swift in Sources */ = {isa = PBXBuildFile; fileRef = 1968059422C82FA2006296DB /* CarListingsViewController.swift */; };
		1968059822C82FA2006296DB /* Main.storyboard in Resources */ = {isa = PBXBuildFile; fileRef = 1968059622C82FA2006296DB /* Main.storyboard */; };
		1968059A22C82FA5006296DB /* Assets.xcassets in Resources */ = {isa = PBXBuildFile; fileRef = 1968059922C82FA5006296DB /* Assets.xcassets */; };
		1968059D22C82FA5006296DB /* LaunchScreen.storyboard in Resources */ = {isa = PBXBuildFile; fileRef = 1968059B22C82FA5006296DB /* LaunchScreen.storyboard */; };
		196805A822C82FA5006296DB /* AutoCarTests.swift in Sources */ = {isa = PBXBuildFile; fileRef = 196805A722C82FA5006296DB /* AutoCarTests.swift */; };
		196805B522C9413B006296DB /* CarDetails.swift in Sources */ = {isa = PBXBuildFile; fileRef = 196805B422C9413B006296DB /* CarDetails.swift */; };
		196805B822C9558A006296DB /* CarListingCell.swift in Sources */ = {isa = PBXBuildFile; fileRef = 196805B722C9558A006296DB /* CarListingCell.swift */; };
		19BF764C22C9968F00DCBFFD /* NetworkManager.swift in Sources */ = {isa = PBXBuildFile; fileRef = 19BF764B22C9968F00DCBFFD /* NetworkManager.swift */; };
		19BF764E22CAF4C500DCBFFD /* AsyncImageView.swift in Sources */ = {isa = PBXBuildFile; fileRef = 19BF764D22CAF4C500DCBFFD /* AsyncImageView.swift */; };
		6BA6A633B5630918445AC5AF /* Pods_AutoCarTests.framework in Frameworks */ = {isa = PBXBuildFile; fileRef = F4BCAE31594790FE8B1AADA6 /* Pods_AutoCarTests.framework */; };
/* End PBXBuildFile section */

/* Begin PBXContainerItemProxy section */
		196805A422C82FA5006296DB /* PBXContainerItemProxy */ = {
			isa = PBXContainerItemProxy;
			containerPortal = 1968058722C82FA2006296DB /* Project object */;
			proxyType = 1;
			remoteGlobalIDString = 1968058E22C82FA2006296DB;
			remoteInfo = AutoCar;
		};
/* End PBXContainerItemProxy section */

/* Begin PBXFileReference section */
		1968058F22C82FA2006296DB /* AutoCar.app */ = {isa = PBXFileReference; explicitFileType = wrapper.application; includeInIndex = 0; path = AutoCar.app; sourceTree = BUILT_PRODUCTS_DIR; };
		1968059222C82FA2006296DB /* AppDelegate.swift */ = {isa = PBXFileReference; lastKnownFileType = sourcecode.swift; path = AppDelegate.swift; sourceTree = "<group>"; };
		1968059422C82FA2006296DB /* CarListingsViewController.swift */ = {isa = PBXFileReference; lastKnownFileType = sourcecode.swift; path = CarListingsViewController.swift; sourceTree = "<group>"; };
		1968059722C82FA2006296DB /* Base */ = {isa = PBXFileReference; lastKnownFileType = file.storyboard; name = Base; path = Base.lproj/Main.storyboard; sourceTree = "<group>"; };
		1968059922C82FA5006296DB /* Assets.xcassets */ = {isa = PBXFileReference; lastKnownFileType = folder.assetcatalog; path = Assets.xcassets; sourceTree = "<group>"; };
		1968059C22C82FA5006296DB /* Base */ = {isa = PBXFileReference; lastKnownFileType = file.storyboard; name = Base; path = Base.lproj/LaunchScreen.storyboard; sourceTree = "<group>"; };
		1968059E22C82FA5006296DB /* Info.plist */ = {isa = PBXFileReference; lastKnownFileType = text.plist.xml; path = Info.plist; sourceTree = "<group>"; };
		196805A322C82FA5006296DB /* AutoCarTests.xctest */ = {isa = PBXFileReference; explicitFileType = wrapper.cfbundle; includeInIndex = 0; path = AutoCarTests.xctest; sourceTree = BUILT_PRODUCTS_DIR; };
		196805A722C82FA5006296DB /* AutoCarTests.swift */ = {isa = PBXFileReference; lastKnownFileType = sourcecode.swift; path = AutoCarTests.swift; sourceTree = "<group>"; };
		196805A922C82FA5006296DB /* Info.plist */ = {isa = PBXFileReference; lastKnownFileType = text.plist.xml; path = Info.plist; sourceTree = "<group>"; };
		196805B422C9413B006296DB /* CarDetails.swift */ = {isa = PBXFileReference; lastKnownFileType = sourcecode.swift; path = CarDetails.swift; sourceTree = "<group>"; };
		196805B722C9558A006296DB /* CarListingCell.swift */ = {isa = PBXFileReference; lastKnownFileType = sourcecode.swift; path = CarListingCell.swift; sourceTree = "<group>"; };
		19BF764B22C9968F00DCBFFD /* NetworkManager.swift */ = {isa = PBXFileReference; lastKnownFileType = sourcecode.swift; path = NetworkManager.swift; sourceTree = "<group>"; };
		19BF764D22CAF4C500DCBFFD /* AsyncImageView.swift */ = {isa = PBXFileReference; lastKnownFileType = sourcecode.swift; path = AsyncImageView.swift; sourceTree = "<group>"; };
		1F76905A88A4392DDA1B8342 /* Pods-AutoCarTests.debug.xcconfig */ = {isa = PBXFileReference; includeInIndex = 1; lastKnownFileType = text.xcconfig; name = "Pods-AutoCarTests.debug.xcconfig"; path = "Target Support Files/Pods-AutoCarTests/Pods-AutoCarTests.debug.xcconfig"; sourceTree = "<group>"; };
		4C840532BA4902C283D46B23 /* Pods-AutoCar.debug.xcconfig */ = {isa = PBXFileReference; includeInIndex = 1; lastKnownFileType = text.xcconfig; name = "Pods-AutoCar.debug.xcconfig"; path = "Target Support Files/Pods-AutoCar/Pods-AutoCar.debug.xcconfig"; sourceTree = "<group>"; };
		56CCD330B5AF48592743B090 /* Pods_AutoCar.framework */ = {isa = PBXFileReference; explicitFileType = wrapper.framework; includeInIndex = 0; path = Pods_AutoCar.framework; sourceTree = BUILT_PRODUCTS_DIR; };
		8A190D6128834BDDBBCE01B7 /* Pods-AutoCar.release.xcconfig */ = {isa = PBXFileReference; includeInIndex = 1; lastKnownFileType = text.xcconfig; name = "Pods-AutoCar.release.xcconfig"; path = "Target Support Files/Pods-AutoCar/Pods-AutoCar.release.xcconfig"; sourceTree = "<group>"; };
		B34F3B3B377D7B5C0369F38B /* Pods-AutoCarTests.release.xcconfig */ = {isa = PBXFileReference; includeInIndex = 1; lastKnownFileType = text.xcconfig; name = "Pods-AutoCarTests.release.xcconfig"; path = "Target Support Files/Pods-AutoCarTests/Pods-AutoCarTests.release.xcconfig"; sourceTree = "<group>"; };
		F4BCAE31594790FE8B1AADA6 /* Pods_AutoCarTests.framework */ = {isa = PBXFileReference; explicitFileType = wrapper.framework; includeInIndex = 0; path = Pods_AutoCarTests.framework; sourceTree = BUILT_PRODUCTS_DIR; };
/* End PBXFileReference section */

/* Begin PBXFrameworksBuildPhase section */
		1968058C22C82FA2006296DB /* Frameworks */ = {
			isa = PBXFrameworksBuildPhase;
			buildActionMask = 2147483647;
			files = (
				18AFC98E277AFC23B3853447 /* Pods_AutoCar.framework in Frameworks */,
			);
			runOnlyForDeploymentPostprocessing = 0;
		};
		196805A022C82FA5006296DB /* Frameworks */ = {
			isa = PBXFrameworksBuildPhase;
			buildActionMask = 2147483647;
			files = (
				6BA6A633B5630918445AC5AF /* Pods_AutoCarTests.framework in Frameworks */,
			);
			runOnlyForDeploymentPostprocessing = 0;
		};
/* End PBXFrameworksBuildPhase section */

/* Begin PBXGroup section */
		196646B722CBC01F00D08F0D /* Network */ = {
			isa = PBXGroup;
			children = (
				19BF764B22C9968F00DCBFFD /* NetworkManager.swift */,
			);
			path = Network;
			sourceTree = "<group>";
		};
		196646B822CBC04400D08F0D /* Helper */ = {
			isa = PBXGroup;
			children = (
				19BF764D22CAF4C500DCBFFD /* AsyncImageView.swift */,
			);
			path = Helper;
			sourceTree = "<group>";
		};
		1968058622C82FA2006296DB = {
			isa = PBXGroup;
			children = (
				1968059122C82FA2006296DB /* AutoCar */,
				196805A622C82FA5006296DB /* AutoCarTests */,
				1968059022C82FA2006296DB /* Products */,
				32BE64E54296DB374ACBEA76 /* Pods */,
				24DF7600D0AF172DA3EA01A0 /* Frameworks */,
			);
			sourceTree = "<group>";
		};
		1968059022C82FA2006296DB /* Products */ = {
			isa = PBXGroup;
			children = (
				1968058F22C82FA2006296DB /* AutoCar.app */,
				196805A322C82FA5006296DB /* AutoCarTests.xctest */,
			);
			name = Products;
			sourceTree = "<group>";
		};
		1968059122C82FA2006296DB /* AutoCar */ = {
			isa = PBXGroup;
			children = (
				196646B722CBC01F00D08F0D /* Network */,
				196646B822CBC04400D08F0D /* Helper */,
				196805B222C94065006296DB /* Model */,
				196805B622C943DF006296DB /* View */,
				196805B322C9406C006296DB /* Controller */,
				1968059222C82FA2006296DB /* AppDelegate.swift */,
				1968059E22C82FA5006296DB /* Info.plist */,
			);
			path = AutoCar;
			sourceTree = "<group>";
		};
		196805A622C82FA5006296DB /* AutoCarTests */ = {
			isa = PBXGroup;
			children = (
				196805A722C82FA5006296DB /* AutoCarTests.swift */,
				196805A922C82FA5006296DB /* Info.plist */,
			);
			path = AutoCarTests;
			sourceTree = "<group>";
		};
		196805B222C94065006296DB /* Model */ = {
			isa = PBXGroup;
			children = (
				196805B422C9413B006296DB /* CarDetails.swift */,
			);
			path = Model;
			sourceTree = "<group>";
		};
		196805B322C9406C006296DB /* Controller */ = {
			isa = PBXGroup;
			children = (
				1968059422C82FA2006296DB /* CarListingsViewController.swift */,
				196805B722C9558A006296DB /* CarListingCell.swift */,
			);
			path = Controller;
			sourceTree = "<group>";
		};
		196805B622C943DF006296DB /* View */ = {
			isa = PBXGroup;
			children = (
				1968059922C82FA5006296DB /* Assets.xcassets */,
				1968059622C82FA2006296DB /* Main.storyboard */,
				1968059B22C82FA5006296DB /* LaunchScreen.storyboard */,
			);
			path = View;
			sourceTree = "<group>";
		};
		24DF7600D0AF172DA3EA01A0 /* Frameworks */ = {
			isa = PBXGroup;
			children = (
				56CCD330B5AF48592743B090 /* Pods_AutoCar.framework */,
				F4BCAE31594790FE8B1AADA6 /* Pods_AutoCarTests.framework */,
			);
			name = Frameworks;
			sourceTree = "<group>";
		};
		32BE64E54296DB374ACBEA76 /* Pods */ = {
			isa = PBXGroup;
			children = (
				4C840532BA4902C283D46B23 /* Pods-AutoCar.debug.xcconfig */,
				8A190D6128834BDDBBCE01B7 /* Pods-AutoCar.release.xcconfig */,
				1F76905A88A4392DDA1B8342 /* Pods-AutoCarTests.debug.xcconfig */,
				B34F3B3B377D7B5C0369F38B /* Pods-AutoCarTests.release.xcconfig */,
			);
			path = Pods;
			sourceTree = "<group>";
		};
/* End PBXGroup section */

/* Begin PBXNativeTarget section */
		1968058E22C82FA2006296DB /* AutoCar */ = {
			isa = PBXNativeTarget;
			buildConfigurationList = 196805AC22C82FA5006296DB /* Build configuration list for PBXNativeTarget "AutoCar" */;
			buildPhases = (
				12CB8D93EF155DD2A702967A /* [CP] Check Pods Manifest.lock */,
				1968058B22C82FA2006296DB /* Sources */,
				1968058C22C82FA2006296DB /* Frameworks */,
				1968058D22C82FA2006296DB /* Resources */,
				786785CE750CD911004702D3 /* [CP] Embed Pods Frameworks */,
			);
			buildRules = (
			);
			dependencies = (
			);
			name = AutoCar;
			productName = AutoCar;
			productReference = 1968058F22C82FA2006296DB /* AutoCar.app */;
			productType = "com.apple.product-type.application";
		};
		196805A222C82FA5006296DB /* AutoCarTests */ = {
			isa = PBXNativeTarget;
			buildConfigurationList = 196805AF22C82FA5006296DB /* Build configuration list for PBXNativeTarget "AutoCarTests" */;
			buildPhases = (
				A44EBE62F854A26682808181 /* [CP] Check Pods Manifest.lock */,
				1968059F22C82FA5006296DB /* Sources */,
				196805A022C82FA5006296DB /* Frameworks */,
				196805A122C82FA5006296DB /* Resources */,
			);
			buildRules = (
			);
			dependencies = (
				196805A522C82FA5006296DB /* PBXTargetDependency */,
			);
			name = AutoCarTests;
			productName = AutoCarTests;
			productReference = 196805A322C82FA5006296DB /* AutoCarTests.xctest */;
			productType = "com.apple.product-type.bundle.unit-test";
		};
/* End PBXNativeTarget section */

/* Begin PBXProject section */
		1968058722C82FA2006296DB /* Project object */ = {
			isa = PBXProject;
			attributes = {
				LastSwiftUpdateCheck = 1020;
				LastUpgradeCheck = 1020;
				ORGANIZATIONNAME = Carfax;
				TargetAttributes = {
					1968058E22C82FA2006296DB = {
						CreatedOnToolsVersion = 10.2.1;
					};
					196805A222C82FA5006296DB = {
						CreatedOnToolsVersion = 10.2.1;
						TestTargetID = 1968058E22C82FA2006296DB;
					};
				};
			};
			buildConfigurationList = 1968058A22C82FA2006296DB /* Build configuration list for PBXProject "AutoCar" */;
			compatibilityVersion = "Xcode 10.0";
			developmentRegion = en;
			hasScannedForEncodings = 0;
			knownRegions = (
				en,
				Base,
			);
			mainGroup = 1968058622C82FA2006296DB;
			productRefGroup = 1968059022C82FA2006296DB /* Products */;
			projectDirPath = "";
			projectRoot = "";
			targets = (
				1968058E22C82FA2006296DB /* AutoCar */,
				196805A222C82FA5006296DB /* AutoCarTests */,
			);
		};
/* End PBXProject section */

/* Begin PBXResourcesBuildPhase section */
		1968058D22C82FA2006296DB /* Resources */ = {
			isa = PBXResourcesBuildPhase;
			buildActionMask = 2147483647;
			files = (
				1968059D22C82FA5006296DB /* LaunchScreen.storyboard in Resources */,
				1968059A22C82FA5006296DB /* Assets.xcassets in Resources */,
				1968059822C82FA2006296DB /* Main.storyboard in Resources */,
			);
			runOnlyForDeploymentPostprocessing = 0;
		};
		196805A122C82FA5006296DB /* Resources */ = {
			isa = PBXResourcesBuildPhase;
			buildActionMask = 2147483647;
			files = (
			);
			runOnlyForDeploymentPostprocessing = 0;
		};
/* End PBXResourcesBuildPhase section */

/* Begin PBXShellScriptBuildPhase section */
		12CB8D93EF155DD2A702967A /* [CP] Check Pods Manifest.lock */ = {
			isa = PBXShellScriptBuildPhase;
			buildActionMask = 2147483647;
			files = (
			);
			inputFileListPaths = (
			);
			inputPaths = (
				"${PODS_PODFILE_DIR_PATH}/Podfile.lock",
				"${PODS_ROOT}/Manifest.lock",
			);
			name = "[CP] Check Pods Manifest.lock";
			outputFileListPaths = (
			);
			outputPaths = (
				"$(DERIVED_FILE_DIR)/Pods-AutoCar-checkManifestLockResult.txt",
			);
			runOnlyForDeploymentPostprocessing = 0;
			shellPath = /bin/sh;
			shellScript = "diff \"${PODS_PODFILE_DIR_PATH}/Podfile.lock\" \"${PODS_ROOT}/Manifest.lock\" > /dev/null\nif [ $? != 0 ] ; then\n    # print error to STDERR\n    echo \"error: The sandbox is not in sync with the Podfile.lock. Run 'pod install' or update your CocoaPods installation.\" >&2\n    exit 1\nfi\n# This output is used by Xcode 'outputs' to avoid re-running this script phase.\necho \"SUCCESS\" > \"${SCRIPT_OUTPUT_FILE_0}\"\n";
			showEnvVarsInLog = 0;
		};
		786785CE750CD911004702D3 /* [CP] Embed Pods Frameworks */ = {
			isa = PBXShellScriptBuildPhase;
			buildActionMask = 2147483647;
			files = (
			);
			inputFileListPaths = (
			);
			inputPaths = (
				"${PODS_ROOT}/Target Support Files/Pods-AutoCar/Pods-AutoCar-frameworks.sh",
				"${BUILT_PRODUCTS_DIR}/Alamofire/Alamofire.framework",
				"${BUILT_PRODUCTS_DIR}/SVProgressHUD/SVProgressHUD.framework",
			);
			name = "[CP] Embed Pods Frameworks";
			outputFileListPaths = (
			);
			outputPaths = (
				"${TARGET_BUILD_DIR}/${FRAMEWORKS_FOLDER_PATH}/Alamofire.framework",
				"${TARGET_BUILD_DIR}/${FRAMEWORKS_FOLDER_PATH}/SVProgressHUD.framework",
			);
			runOnlyForDeploymentPostprocessing = 0;
			shellPath = /bin/sh;
			shellScript = "\"${PODS_ROOT}/Target Support Files/Pods-AutoCar/Pods-AutoCar-frameworks.sh\"\n";
			showEnvVarsInLog = 0;
		};
		A44EBE62F854A26682808181 /* [CP] Check Pods Manifest.lock */ = {
			isa = PBXShellScriptBuildPhase;
			buildActionMask = 2147483647;
			files = (
			);
			inputFileListPaths = (
			);
			inputPaths = (
				"${PODS_PODFILE_DIR_PATH}/Podfile.lock",
				"${PODS_ROOT}/Manifest.lock",
			);
			name = "[CP] Check Pods Manifest.lock";
			outputFileListPaths = (
			);
			outputPaths = (
				"$(DERIVED_FILE_DIR)/Pods-AutoCarTests-checkManifestLockResult.txt",
			);
			runOnlyForDeploymentPostprocessing = 0;
			shellPath = /bin/sh;
			shellScript = "diff \"${PODS_PODFILE_DIR_PATH}/Podfile.lock\" \"${PODS_ROOT}/Manifest.lock\" > /dev/null\nif [ $? != 0 ] ; then\n    # print error to STDERR\n    echo \"error: The sandbox is not in sync with the Podfile.lock. Run 'pod install' or update your CocoaPods installation.\" >&2\n    exit 1\nfi\n# This output is used by Xcode 'outputs' to avoid re-running this script phase.\necho \"SUCCESS\" > \"${SCRIPT_OUTPUT_FILE_0}\"\n";
			showEnvVarsInLog = 0;
		};
/* End PBXShellScriptBuildPhase section */

/* Begin PBXSourcesBuildPhase section */
		1968058B22C82FA2006296DB /* Sources */ = {
			isa = PBXSourcesBuildPhase;
			buildActionMask = 2147483647;
			files = (
				196805B522C9413B006296DB /* CarDetails.swift in Sources */,
				1968059522C82FA2006296DB /* CarListingsViewController.swift in Sources */,
				19BF764C22C9968F00DCBFFD /* NetworkManager.swift in Sources */,
				1968059322C82FA2006296DB /* AppDelegate.swift in Sources */,
				196805B822C9558A006296DB /* CarListingCell.swift in Sources */,
				19BF764E22CAF4C500DCBFFD /* AsyncImageView.swift in Sources */,
			);
			runOnlyForDeploymentPostprocessing = 0;
		};
		1968059F22C82FA5006296DB /* Sources */ = {
			isa = PBXSourcesBuildPhase;
			buildActionMask = 2147483647;
			files = (
				196805A822C82FA5006296DB /* AutoCarTests.swift in Sources */,
			);
			runOnlyForDeploymentPostprocessing = 0;
		};
/* End PBXSourcesBuildPhase section */

/* Begin PBXTargetDependency section */
		196805A522C82FA5006296DB /* PBXTargetDependency */ = {
			isa = PBXTargetDependency;
			target = 1968058E22C82FA2006296DB /* AutoCar */;
			targetProxy = 196805A422C82FA5006296DB /* PBXContainerItemProxy */;
		};
/* End PBXTargetDependency section */

/* Begin PBXVariantGroup section */
		1968059622C82FA2006296DB /* Main.storyboard */ = {
			isa = PBXVariantGroup;
			children = (
				1968059722C82FA2006296DB /* Base */,
			);
			name = Main.storyboard;
			sourceTree = "<group>";
		};
		1968059B22C82FA5006296DB /* LaunchScreen.storyboard */ = {
			isa = PBXVariantGroup;
			children = (
				1968059C22C82FA5006296DB /* Base */,
			);
			name = LaunchScreen.storyboard;
			sourceTree = "<group>";
		};
/* End PBXVariantGroup section */

/* Begin XCBuildConfiguration section */
		196805AA22C82FA5006296DB /* Debug */ = {
			isa = XCBuildConfiguration;
			buildSettings = {
				ALWAYS_SEARCH_USER_PATHS = NO;
				CLANG_ANALYZER_NONNULL = YES;
				CLANG_ANALYZER_NUMBER_OBJECT_CONVERSION = YES_AGGRESSIVE;
				CLANG_CXX_LANGUAGE_STANDARD = "gnu++14";
				CLANG_CXX_LIBRARY = "libc++";
				CLANG_ENABLE_MODULES = YES;
				CLANG_ENABLE_OBJC_ARC = YES;
				CLANG_ENABLE_OBJC_WEAK = YES;
				CLANG_WARN_BLOCK_CAPTURE_AUTORELEASING = YES;
				CLANG_WARN_BOOL_CONVERSION = YES;
				CLANG_WARN_COMMA = YES;
				CLANG_WARN_CONSTANT_CONVERSION = YES;
				CLANG_WARN_DEPRECATED_OBJC_IMPLEMENTATIONS = YES;
				CLANG_WARN_DIRECT_OBJC_ISA_USAGE = YES_ERROR;
				CLANG_WARN_DOCUMENTATION_COMMENTS = YES;
				CLANG_WARN_EMPTY_BODY = YES;
				CLANG_WARN_ENUM_CONVERSION = YES;
				CLANG_WARN_INFINITE_RECURSION = YES;
				CLANG_WARN_INT_CONVERSION = YES;
				CLANG_WARN_NON_LITERAL_NULL_CONVERSION = YES;
				CLANG_WARN_OBJC_IMPLICIT_RETAIN_SELF = YES;
				CLANG_WARN_OBJC_LITERAL_CONVERSION = YES;
				CLANG_WARN_OBJC_ROOT_CLASS = YES_ERROR;
				CLANG_WARN_RANGE_LOOP_ANALYSIS = YES;
				CLANG_WARN_STRICT_PROTOTYPES = YES;
				CLANG_WARN_SUSPICIOUS_MOVE = YES;
				CLANG_WARN_UNGUARDED_AVAILABILITY = YES_AGGRESSIVE;
				CLANG_WARN_UNREACHABLE_CODE = YES;
				CLANG_WARN__DUPLICATE_METHOD_MATCH = YES;
				CODE_SIGN_IDENTITY = "iPhone Developer";
				COPY_PHASE_STRIP = NO;
				DEBUG_INFORMATION_FORMAT = dwarf;
				ENABLE_STRICT_OBJC_MSGSEND = YES;
				ENABLE_TESTABILITY = YES;
				GCC_C_LANGUAGE_STANDARD = gnu11;
				GCC_DYNAMIC_NO_PIC = NO;
				GCC_NO_COMMON_BLOCKS = YES;
				GCC_OPTIMIZATION_LEVEL = 0;
				GCC_PREPROCESSOR_DEFINITIONS = (
					"DEBUG=1",
					"$(inherited)",
				);
				GCC_WARN_64_TO_32_BIT_CONVERSION = YES;
				GCC_WARN_ABOUT_RETURN_TYPE = YES_ERROR;
				GCC_WARN_UNDECLARED_SELECTOR = YES;
				GCC_WARN_UNINITIALIZED_AUTOS = YES_AGGRESSIVE;
				GCC_WARN_UNUSED_FUNCTION = YES;
				GCC_WARN_UNUSED_VARIABLE = YES;
				IPHONEOS_DEPLOYMENT_TARGET = 12.2;
				MTL_ENABLE_DEBUG_INFO = INCLUDE_SOURCE;
				MTL_FAST_MATH = YES;
				ONLY_ACTIVE_ARCH = YES;
				SDKROOT = iphoneos;
				SWIFT_ACTIVE_COMPILATION_CONDITIONS = DEBUG;
				SWIFT_OPTIMIZATION_LEVEL = "-Onone";
			};
			name = Debug;
		};
		196805AB22C82FA5006296DB /* Release */ = {
			isa = XCBuildConfiguration;
			buildSettings = {
				ALWAYS_SEARCH_USER_PATHS = NO;
				CLANG_ANALYZER_NONNULL = YES;
				CLANG_ANALYZER_NUMBER_OBJECT_CONVERSION = YES_AGGRESSIVE;
				CLANG_CXX_LANGUAGE_STANDARD = "gnu++14";
				CLANG_CXX_LIBRARY = "libc++";
				CLANG_ENABLE_MODULES = YES;
				CLANG_ENABLE_OBJC_ARC = YES;
				CLANG_ENABLE_OBJC_WEAK = YES;
				CLANG_WARN_BLOCK_CAPTURE_AUTORELEASING = YES;
				CLANG_WARN_BOOL_CONVERSION = YES;
				CLANG_WARN_COMMA = YES;
				CLANG_WARN_CONSTANT_CONVERSION = YES;
				CLANG_WARN_DEPRECATED_OBJC_IMPLEMENTATIONS = YES;
				CLANG_WARN_DIRECT_OBJC_ISA_USAGE = YES_ERROR;
				CLANG_WARN_DOCUMENTATION_COMMENTS = YES;
				CLANG_WARN_EMPTY_BODY = YES;
				CLANG_WARN_ENUM_CONVERSION = YES;
				CLANG_WARN_INFINITE_RECURSION = YES;
				CLANG_WARN_INT_CONVERSION = YES;
				CLANG_WARN_NON_LITERAL_NULL_CONVERSION = YES;
				CLANG_WARN_OBJC_IMPLICIT_RETAIN_SELF = YES;
				CLANG_WARN_OBJC_LITERAL_CONVERSION = YES;
				CLANG_WARN_OBJC_ROOT_CLASS = YES_ERROR;
				CLANG_WARN_RANGE_LOOP_ANALYSIS = YES;
				CLANG_WARN_STRICT_PROTOTYPES = YES;
				CLANG_WARN_SUSPICIOUS_MOVE = YES;
				CLANG_WARN_UNGUARDED_AVAILABILITY = YES_AGGRESSIVE;
				CLANG_WARN_UNREACHABLE_CODE = YES;
				CLANG_WARN__DUPLICATE_METHOD_MATCH = YES;
				CODE_SIGN_IDENTITY = "iPhone Developer";
				COPY_PHASE_STRIP = NO;
				DEBUG_INFORMATION_FORMAT = "dwarf-with-dsym";
				ENABLE_NS_ASSERTIONS = NO;
				ENABLE_STRICT_OBJC_MSGSEND = YES;
				GCC_C_LANGUAGE_STANDARD = gnu11;
				GCC_NO_COMMON_BLOCKS = YES;
				GCC_WARN_64_TO_32_BIT_CONVERSION = YES;
				GCC_WARN_ABOUT_RETURN_TYPE = YES_ERROR;
				GCC_WARN_UNDECLARED_SELECTOR = YES;
				GCC_WARN_UNINITIALIZED_AUTOS = YES_AGGRESSIVE;
				GCC_WARN_UNUSED_FUNCTION = YES;
				GCC_WARN_UNUSED_VARIABLE = YES;
				IPHONEOS_DEPLOYMENT_TARGET = 12.2;
				MTL_ENABLE_DEBUG_INFO = NO;
				MTL_FAST_MATH = YES;
				SDKROOT = iphoneos;
				SWIFT_COMPILATION_MODE = wholemodule;
				SWIFT_OPTIMIZATION_LEVEL = "-O";
				VALIDATE_PRODUCT = YES;
			};
			name = Release;
		};
		196805AD22C82FA5006296DB /* Debug */ = {
			isa = XCBuildConfiguration;
			baseConfigurationReference = 4C840532BA4902C283D46B23 /* Pods-AutoCar.debug.xcconfig */;
			buildSettings = {
				ASSETCATALOG_COMPILER_APPICON_NAME = AppIcon;
				CODE_SIGN_STYLE = Automatic;
				DEVELOPMENT_TEAM = AQMFPYXJZT;
				INFOPLIST_FILE = AutoCar/Info.plist;
				LD_RUNPATH_SEARCH_PATHS = (
					"$(inherited)",
					"@executable_path/Frameworks",
				);
				PRODUCT_BUNDLE_IDENTIFIER = com.carfaxDemo.AutoCar;
				PRODUCT_NAME = "$(TARGET_NAME)";
				SWIFT_VERSION = 5.0;
				TARGETED_DEVICE_FAMILY = 1;
			};
			name = Debug;
		};
		196805AE22C82FA5006296DB /* Release */ = {
			isa = XCBuildConfiguration;
			baseConfigurationReference = 8A190D6128834BDDBBCE01B7 /* Pods-AutoCar.release.xcconfig */;
			buildSettings = {
				ASSETCATALOG_COMPILER_APPICON_NAME = AppIcon;
				CODE_SIGN_STYLE = Automatic;
				DEVELOPMENT_TEAM = AQMFPYXJZT;
				INFOPLIST_FILE = AutoCar/Info.plist;
				LD_RUNPATH_SEARCH_PATHS = (
					"$(inherited)",
					"@executable_path/Frameworks",
				);
				PRODUCT_BUNDLE_IDENTIFIER = com.carfaxDemo.AutoCar;
				PRODUCT_NAME = "$(TARGET_NAME)";
				SWIFT_VERSION = 5.0;
				TARGETED_DEVICE_FAMILY = 1;
			};
			name = Release;
		};
		196805B022C82FA5006296DB /* Debug */ = {
			isa = XCBuildConfiguration;
			baseConfigurationReference = 1F76905A88A4392DDA1B8342 /* Pods-AutoCarTests.debug.xcconfig */;
			buildSettings = {
				ALWAYS_EMBED_SWIFT_STANDARD_LIBRARIES = YES;
				BUNDLE_LOADER = "$(TEST_HOST)";
				CODE_SIGN_STYLE = Automatic;
				DEVELOPMENT_TEAM = AQMFPYXJZT;
				INFOPLIST_FILE = AutoCarTests/Info.plist;
				LD_RUNPATH_SEARCH_PATHS = (
					"$(inherited)",
					"@executable_path/Frameworks",
					"@loader_path/Frameworks",
				);
				PRODUCT_BUNDLE_IDENTIFIER = com.carfaxDemo.UsedCarListings.AutoCarTests;
				PRODUCT_NAME = "$(TARGET_NAME)";
				SWIFT_VERSION = 5.0;
				TARGETED_DEVICE_FAMILY = "1,2";
				TEST_HOST = "$(BUILT_PRODUCTS_DIR)/AutoCar.app/AutoCar";
			};
			name = Debug;
		};
		196805B122C82FA5006296DB /* Release */ = {
			isa = XCBuildConfiguration;
			baseConfigurationReference = B34F3B3B377D7B5C0369F38B /* Pods-AutoCarTests.release.xcconfig */;
			buildSettings = {
				ALWAYS_EMBED_SWIFT_STANDARD_LIBRARIES = YES;
				BUNDLE_LOADER = "$(TEST_HOST)";
				CODE_SIGN_STYLE = Automatic;
				DEVELOPMENT_TEAM = AQMFPYXJZT;
				INFOPLIST_FILE = AutoCarTests/Info.plist;
				LD_RUNPATH_SEARCH_PATHS = (
					"$(inherited)",
					"@executable_path/Frameworks",
					"@loader_path/Frameworks",
				);
				PRODUCT_BUNDLE_IDENTIFIER = com.carfaxDemo.UsedCarListings.AutoCarTests;
				PRODUCT_NAME = "$(TARGET_NAME)";
				SWIFT_VERSION = 5.0;
				TARGETED_DEVICE_FAMILY = "1,2";
				TEST_HOST = "$(BUILT_PRODUCTS_DIR)/AutoCar.app/AutoCar";
			};
			name = Release;
		};
/* End XCBuildConfiguration section */

/* Begin XCConfigurationList section */
		1968058A22C82FA2006296DB /* Build configuration list for PBXProject "AutoCar" */ = {
			isa = XCConfigurationList;
			buildConfigurations = (
				196805AA22C82FA5006296DB /* Debug */,
				196805AB22C82FA5006296DB /* Release */,
			);
			defaultConfigurationIsVisible = 0;
			defaultConfigurationName = Release;
		};
		196805AC22C82FA5006296DB /* Build configuration list for PBXNativeTarget "AutoCar" */ = {
			isa = XCConfigurationList;
			buildConfigurations = (
				196805AD22C82FA5006296DB /* Debug */,
				196805AE22C82FA5006296DB /* Release */,
			);
			defaultConfigurationIsVisible = 0;
			defaultConfigurationName = Release;
		};
		196805AF22C82FA5006296DB /* Build configuration list for PBXNativeTarget "AutoCarTests" */ = {
			isa = XCConfigurationList;
			buildConfigurations = (
				196805B022C82FA5006296DB /* Debug */,
				196805B122C82FA5006296DB /* Release */,
			);
			defaultConfigurationIsVisible = 0;
			defaultConfigurationName = Release;
		};
/* End XCConfigurationList section */
	};
	rootObject = 1968058722C82FA2006296DB /* Project object */;
}
